
Microsoft Visual Studio Solution File, Format Version 12.00
# Visual Studio Version 16
VisualStudioVersion = 16.0.29920.165
MinimumVisualStudioVersion = 10.0.40219.1
Project("{FAE04EC0-301F-11D3-BF4B-00C04F79EFBC}") = "91011rabota", "91011rabota.csproj", "{2943F357-B8F5-4EB0-AC18-10C17878FE3C}"
EndProject
Global
	GlobalSection(SolutionConfigurationPlatforms) = preSolution
		Debug|Any CPU = Debug|Any CPU
		Release|Any CPU = Release|Any CPU
	EndGlobalSection
	GlobalSection(ProjectConfigurationPlatforms) = postSolution
		{2943F357-B8F5-4EB0-AC18-10C17878FE3C}.Debug|Any CPU.ActiveCfg = Debug|Any CPU
		{2943F357-B8F5-4EB0-AC18-10C17878FE3C}.Debug|Any CPU.Build.0 = Debug|Any CPU
		{2943F357-B8F5-4EB0-AC18-10C17878FE3C}.Release|Any CPU.ActiveCfg = Release|Any CPU
		{2943F357-B8F5-4EB0-AC18-10C17878FE3C}.Release|Any CPU.Build.0 = Release|Any CPU
	EndGlobalSection
	GlobalSection(SolutionProperties) = preSolution
		HideSolutionNode = FALSE
	EndGlobalSection
	GlobalSection(ExtensibilityGlobals) = postSolution
		SolutionGuid = {5CCCD6E2-27BF-48EA-B27A-5094489BA897}
	EndGlobalSection
EndGlobal
